
Microsoft Visual Studio Solution File, Format Version 12.00
# Visual Studio Version 17
VisualStudioVersion = 17.6.33815.320
MinimumVisualStudioVersion = 10.0.40219.1
Project("{E24C65DC-7377-472B-9ABA-BC803B73C61A}") = "PuroFusion", ".", "{DAA21008-135F-4766-8EBF-BFFEBF6E2504}"
	ProjectSection(WebsiteProperties) = preProject
		TargetFrameworkMoniker = ".NETFramework,Version%3Dv4.8"
		ProjectReferences = "{b2d636a6-cf0f-4370-b2c8-5a62fd47594a}|PI_Application.dll;{2EBFAB94-E807-4DF9-812E-E96ADD9F63D3}|PI_People.dll;"
		Debug.AspNetCompiler.VirtualPath = "/localhost_58973"
		Debug.AspNetCompiler.PhysicalPath = "..\PuroFusion\"
		Debug.AspNetCompiler.TargetPath = "PrecompiledWeb\localhost_58973\"
		Debug.AspNetCompiler.Updateable = "true"
		Debug.AspNetCompiler.ForceOverwrite = "true"
		Debug.AspNetCompiler.FixedNames = "false"
		Debug.AspNetCompiler.Debug = "True"
		Release.AspNetCompiler.VirtualPath = "/localhost_58973"
		Release.AspNetCompiler.PhysicalPath = "..\PuroFusion\"
		Release.AspNetCompiler.TargetPath = "PrecompiledWeb\localhost_58973\"
		Release.AspNetCompiler.Updateable = "true"
		Release.AspNetCompiler.ForceOverwrite = "true"
		Release.AspNetCompiler.FixedNames = "false"
		Release.AspNetCompiler.Debug = "False"
		VWDPort = "58973"
		SlnRelativePath = "..\PuroFusion\"
	EndProjectSection
EndProject
Project("{FAE04EC0-301F-11D3-BF4B-00C04F79EFBC}") = "PI_Application", "..\..\PI_Application\PI_Application\PI_Application.csproj", "{B2D636A6-CF0F-4370-B2C8-5A62FD47594A}"
EndProject
Project("{FAE04EC0-301F-11D3-BF4B-00C04F79EFBC}") = "PI_People", "..\..\PI_People\PI_People\PI_People.csproj", "{2EBFAB94-E807-4DF9-812E-E96ADD9F63D3}"
EndProject
Global
	GlobalSection(SolutionConfigurationPlatforms) = preSolution
		Debug|Any CPU = Debug|Any CPU
		Release|Any CPU = Release|Any CPU
	EndGlobalSection
	GlobalSection(ProjectConfigurationPlatforms) = postSolution
		{DAA21008-135F-4766-8EBF-BFFEBF6E2504}.Debug|Any CPU.ActiveCfg = Debug|Any CPU
		{DAA21008-135F-4766-8EBF-BFFEBF6E2504}.Debug|Any CPU.Build.0 = Debug|Any CPU
		{DAA21008-135F-4766-8EBF-BFFEBF6E2504}.Release|Any CPU.ActiveCfg = Debug|Any CPU
		{DAA21008-135F-4766-8EBF-BFFEBF6E2504}.Release|Any CPU.Build.0 = Debug|Any CPU
		{B2D636A6-CF0F-4370-B2C8-5A62FD47594A}.Debug|Any CPU.ActiveCfg = Debug|Any CPU
		{B2D636A6-CF0F-4370-B2C8-5A62FD47594A}.Debug|Any CPU.Build.0 = Debug|Any CPU
		{B2D636A6-CF0F-4370-B2C8-5A62FD47594A}.Release|Any CPU.ActiveCfg = Release|Any CPU
		{B2D636A6-CF0F-4370-B2C8-5A62FD47594A}.Release|Any CPU.Build.0 = Release|Any CPU
		{2EBFAB94-E807-4DF9-812E-E96ADD9F63D3}.Debug|Any CPU.ActiveCfg = Debug|Any CPU
		{2EBFAB94-E807-4DF9-812E-E96ADD9F63D3}.Debug|Any CPU.Build.0 = Debug|Any CPU
		{2EBFAB94-E807-4DF9-812E-E96ADD9F63D3}.Release|Any CPU.ActiveCfg = Release|Any CPU
		{2EBFAB94-E807-4DF9-812E-E96ADD9F63D3}.Release|Any CPU.Build.0 = Release|Any CPU
	EndGlobalSection
	GlobalSection(SolutionProperties) = preSolution
		HideSolutionNode = FALSE
	EndGlobalSection
	GlobalSection(ExtensibilityGlobals) = postSolution
		SolutionGuid = {3E0F00AF-97E0-4B50-9551-949C987DC97F}
	EndGlobalSection
EndGlobal
